// !$*UTF8*$!
{
	archiveVersion = 1;
	classes = {
	};
	objectVersion = 77;
	objects = {

/* Begin PBXBuildFile section */
		2424788002B1FB2EEAB80312 /* Tab.swift in Sources */ = {isa = PBXBuildFile; fileRef = 31FE42F1A95D5C81D01CE91E /* Tab.swift */; };
		27157FF977CA45E072A73ED1 /* NewTabPage.swift in Sources */ = {isa = PBXBuildFile; fileRef = 8D7034A503C0CEA48933E5F9 /* NewTabPage.swift */; };
		290C95EF032BAED876630D4F /* TabManager.swift in Sources */ = {isa = PBXBuildFile; fileRef = EEC6F27EFB83B8D47C75C908 /* TabManager.swift */; };
		2CA2621570C2A1A84E0497CC /* DownloadPopover.swift in Sources */ = {isa = PBXBuildFile; fileRef = 1F02BDE9D86E6637DDFCAA52 /* DownloadPopover.swift */; };
		321D60B5A687136C15BA31C6 /* HistoryStore.swift in Sources */ = {isa = PBXBuildFile; fileRef = BE7FFE04A9D4DF8D273A595D /* HistoryStore.swift */; };
		32835CB05DCEDA3EC28CDE61 /* WebViewRepresentable.swift in Sources */ = {isa = PBXBuildFile; fileRef = 1E130E3BC38EC3F4C87B4FD7 /* WebViewRepresentable.swift */; };
		3E4948AE5A6C5D9C0BE941B6 /* VayuApp.swift in Sources */ = {isa = PBXBuildFile; fileRef = BD3BFF8975CD621ABB5C43EF /* VayuApp.swift */; };
		4CD29CC70DB7F7998EB81C13 /* DownloadManager.swift in Sources */ = {isa = PBXBuildFile; fileRef = 513671406A086B5A71520DB1 /* DownloadManager.swift */; };
		5907C2DE21FD13C632628804 /* Database.swift in Sources */ = {isa = PBXBuildFile; fileRef = 4D4D058DE29FAF4A0720B6A0 /* Database.swift */; };
		75BC2A592E01709E33FD93A4 /* HistoryView.swift in Sources */ = {isa = PBXBuildFile; fileRef = AEF72D8F49C637395117C1C9 /* HistoryView.swift */; };
		8626C2ABDFA576134D2AA16D /* FaviconView.swift in Sources */ = {isa = PBXBuildFile; fileRef = 9F9A431D677E8E3B574A064B /* FaviconView.swift */; };
		879ACDEE28F43705D27C7BF7 /* SidebarTabView.swift in Sources */ = {isa = PBXBuildFile; fileRef = 63E1FCD90678B959918330A5 /* SidebarTabView.swift */; };
		97AC062B50EB14B95E9026F9 /* TabStripView.swift in Sources */ = {isa = PBXBuildFile; fileRef = C38124B0BAFC31DA29121D83 /* TabStripView.swift */; };
		C2DEBF4AF425EA9FCC03DE93 /* NavigationBar.swift in Sources */ = {isa = PBXBuildFile; fileRef = E9BF5C90C2C944BA72276F87 /* NavigationBar.swift */; };
		EFFA00B6526EA1E927518F19 /* BrowserView.swift in Sources */ = {isa = PBXBuildFile; fileRef = 7EDB7D08C77162092D1C04FC /* BrowserView.swift */; };
		F5A71D6ADCB3FBE9629A6A71 /* WebViewModel.swift in Sources */ = {isa = PBXBuildFile; fileRef = 49471FE3B87A5FBDC949EA1D /* WebViewModel.swift */; };
		FDC50CF50BE640EB307F4135 /* AppDelegate.swift in Sources */ = {isa = PBXBuildFile; fileRef = 26D5B233886ECEE462216AF0 /* AppDelegate.swift */; };
		FF035AB24A2502A46C690BE0 /* FaviconStore.swift in Sources */ = {isa = PBXBuildFile; fileRef = 28532C5BD138166D69E72729 /* FaviconStore.swift */; };
/* End PBXBuildFile section */

/* Begin PBXFileReference section */
		1E130E3BC38EC3F4C87B4FD7 /* WebViewRepresentable.swift */ = {isa = PBXFileReference; lastKnownFileType = sourcecode.swift; path = WebViewRepresentable.swift; sourceTree = "<group>"; };
		1F02BDE9D86E6637DDFCAA52 /* DownloadPopover.swift */ = {isa = PBXFileReference; lastKnownFileType = sourcecode.swift; path = DownloadPopover.swift; sourceTree = "<group>"; };
		26D5B233886ECEE462216AF0 /* AppDelegate.swift */ = {isa = PBXFileReference; lastKnownFileType = sourcecode.swift; path = AppDelegate.swift; sourceTree = "<group>"; };
		28532C5BD138166D69E72729 /* FaviconStore.swift */ = {isa = PBXFileReference; lastKnownFileType = sourcecode.swift; path = FaviconStore.swift; sourceTree = "<group>"; };
		31FE42F1A95D5C81D01CE91E /* Tab.swift */ = {isa = PBXFileReference; lastKnownFileType = sourcecode.swift; path = Tab.swift; sourceTree = "<group>"; };
		49471FE3B87A5FBDC949EA1D /* WebViewModel.swift */ = {isa = PBXFileReference; lastKnownFileType = sourcecode.swift; path = WebViewModel.swift; sourceTree = "<group>"; };
		4D4D058DE29FAF4A0720B6A0 /* Database.swift */ = {isa = PBXFileReference; lastKnownFileType = sourcecode.swift; path = Database.swift; sourceTree = "<group>"; };
		513671406A086B5A71520DB1 /* DownloadManager.swift */ = {isa = PBXFileReference; lastKnownFileType = sourcecode.swift; path = DownloadManager.swift; sourceTree = "<group>"; };
		63E1FCD90678B959918330A5 /* SidebarTabView.swift */ = {isa = PBXFileReference; lastKnownFileType = sourcecode.swift; path = SidebarTabView.swift; sourceTree = "<group>"; };
		7EDB7D08C77162092D1C04FC /* BrowserView.swift */ = {isa = PBXFileReference; lastKnownFileType = sourcecode.swift; path = BrowserView.swift; sourceTree = "<group>"; };
		8D7034A503C0CEA48933E5F9 /* NewTabPage.swift */ = {isa = PBXFileReference; lastKnownFileType = sourcecode.swift; path = NewTabPage.swift; sourceTree = "<group>"; };
		9F9A431D677E8E3B574A064B /* FaviconView.swift */ = {isa = PBXFileReference; lastKnownFileType = sourcecode.swift; path = FaviconView.swift; sourceTree = "<group>"; };
		AEF72D8F49C637395117C1C9 /* HistoryView.swift */ = {isa = PBXFileReference; lastKnownFileType = sourcecode.swift; path = HistoryView.swift; sourceTree = "<group>"; };
		BD3BFF8975CD621ABB5C43EF /* VayuApp.swift */ = {isa = PBXFileReference; lastKnownFileType = sourcecode.swift; path = VayuApp.swift; sourceTree = "<group>"; };
		BE7FFE04A9D4DF8D273A595D /* HistoryStore.swift */ = {isa = PBXFileReference; lastKnownFileType = sourcecode.swift; path = HistoryStore.swift; sourceTree = "<group>"; };
		C38124B0BAFC31DA29121D83 /* TabStripView.swift */ = {isa = PBXFileReference; lastKnownFileType = sourcecode.swift; path = TabStripView.swift; sourceTree = "<group>"; };
		D239CD0529B94F7AB4C43FD1 /* Vayu.app */ = {isa = PBXFileReference; explicitFileType = wrapper.application; includeInIndex = 0; path = Vayu.app; sourceTree = BUILT_PRODUCTS_DIR; };
		E9BF5C90C2C944BA72276F87 /* NavigationBar.swift */ = {isa = PBXFileReference; lastKnownFileType = sourcecode.swift; path = NavigationBar.swift; sourceTree = "<group>"; };
		EEC6F27EFB83B8D47C75C908 /* TabManager.swift */ = {isa = PBXFileReference; lastKnownFileType = sourcecode.swift; path = TabManager.swift; sourceTree = "<group>"; };
/* End PBXFileReference section */

/* Begin PBXGroup section */
		04D1322DA7E4E11BA3FFD9D4 /* UI */ = {
			isa = PBXGroup;
			children = (
				7EDB7D08C77162092D1C04FC /* BrowserView.swift */,
				1F02BDE9D86E6637DDFCAA52 /* DownloadPopover.swift */,
				9F9A431D677E8E3B574A064B /* FaviconView.swift */,
				AEF72D8F49C637395117C1C9 /* HistoryView.swift */,
				E9BF5C90C2C944BA72276F87 /* NavigationBar.swift */,
				8D7034A503C0CEA48933E5F9 /* NewTabPage.swift */,
				63E1FCD90678B959918330A5 /* SidebarTabView.swift */,
				C38124B0BAFC31DA29121D83 /* TabStripView.swift */,
			);
			path = UI;
			sourceTree = "<group>";
		};
		5FECCBA669DD830974B1527B /* Browser */ = {
			isa = PBXGroup;
			children = (
				4D4D058DE29FAF4A0720B6A0 /* Database.swift */,
				513671406A086B5A71520DB1 /* DownloadManager.swift */,
				28532C5BD138166D69E72729 /* FaviconStore.swift */,
				BE7FFE04A9D4DF8D273A595D /* HistoryStore.swift */,
				31FE42F1A95D5C81D01CE91E /* Tab.swift */,
				EEC6F27EFB83B8D47C75C908 /* TabManager.swift */,
				49471FE3B87A5FBDC949EA1D /* WebViewModel.swift */,
				1E130E3BC38EC3F4C87B4FD7 /* WebViewRepresentable.swift */,
			);
			path = Browser;
			sourceTree = "<group>";
		};
		6CA96B02384C957F9B3E5F91 /* App */ = {
			isa = PBXGroup;
			children = (
				26D5B233886ECEE462216AF0 /* AppDelegate.swift */,
				BD3BFF8975CD621ABB5C43EF /* VayuApp.swift */,
			);
			path = App;
			sourceTree = "<group>";
		};
		9C80983BB840A7E13DE5E9BF /* Sources */ = {
			isa = PBXGroup;
			children = (
				6CA96B02384C957F9B3E5F91 /* App */,
				5FECCBA669DD830974B1527B /* Browser */,
				04D1322DA7E4E11BA3FFD9D4 /* UI */,
			);
			name = Sources;
			path = Vayu/Sources;
			sourceTree = "<group>";
		};
		A196A6A849F99C02FA77E9A1 /* Products */ = {
			isa = PBXGroup;
			children = (
				D239CD0529B94F7AB4C43FD1 /* Vayu.app */,
			);
			name = Products;
			sourceTree = "<group>";
		};
		A2C27EDD7E7892BCA5C5932F = {
			isa = PBXGroup;
			children = (
				9C80983BB840A7E13DE5E9BF /* Sources */,
				A196A6A849F99C02FA77E9A1 /* Products */,
			);
			sourceTree = "<group>";
		};
/* End PBXGroup section */

/* Begin PBXNativeTarget section */
		CF8B17C3BCC8518B4F14B8B6 /* Vayu */ = {
			isa = PBXNativeTarget;
			buildConfigurationList = 9A078874D8B58AE604515873 /* Build configuration list for PBXNativeTarget "Vayu" */;
			buildPhases = (
				8B64975289148E52635EEC4B /* Sources */,
			);
			buildRules = (
			);
			dependencies = (
			);
			name = Vayu;
			packageProductDependencies = (
			);
			productName = Vayu;
			productReference = D239CD0529B94F7AB4C43FD1 /* Vayu.app */;
			productType = "com.apple.product-type.application";
		};
/* End PBXNativeTarget section */

/* Begin PBXProject section */
		30066BABC24A9043E774A040 /* Project object */ = {
			isa = PBXProject;
			attributes = {
				BuildIndependentTargetsInParallel = YES;
				LastUpgradeCheck = 1600;
				TargetAttributes = {
				};
			};
			buildConfigurationList = B44EADC454FA4D1A6E8F5467 /* Build configuration list for PBXProject "Vayu" */;
			developmentRegion = en;
			hasScannedForEncodings = 0;
			knownRegions = (
				Base,
				en,
			);
			mainGroup = A2C27EDD7E7892BCA5C5932F;
			minimizedProjectReferenceProxies = 1;
			preferredProjectObjectVersion = 77;
			productRefGroup = A196A6A849F99C02FA77E9A1 /* Products */;
			projectDirPath = "";
			projectRoot = "";
			targets = (
				CF8B17C3BCC8518B4F14B8B6 /* Vayu */,
			);
		};
/* End PBXProject section */

/* Begin PBXSourcesBuildPhase section */
		8B64975289148E52635EEC4B /* Sources */ = {
			isa = PBXSourcesBuildPhase;
			buildActionMask = 2147483647;
			files = (
				FDC50CF50BE640EB307F4135 /* AppDelegate.swift in Sources */,
				EFFA00B6526EA1E927518F19 /* BrowserView.swift in Sources */,
				5907C2DE21FD13C632628804 /* Database.swift in Sources */,
				4CD29CC70DB7F7998EB81C13 /* DownloadManager.swift in Sources */,
				2CA2621570C2A1A84E0497CC /* DownloadPopover.swift in Sources */,
				FF035AB24A2502A46C690BE0 /* FaviconStore.swift in Sources */,
				8626C2ABDFA576134D2AA16D /* FaviconView.swift in Sources */,
				321D60B5A687136C15BA31C6 /* HistoryStore.swift in Sources */,
				75BC2A592E01709E33FD93A4 /* HistoryView.swift in Sources */,
				C2DEBF4AF425EA9FCC03DE93 /* NavigationBar.swift in Sources */,
				27157FF977CA45E072A73ED1 /* NewTabPage.swift in Sources */,
				879ACDEE28F43705D27C7BF7 /* SidebarTabView.swift in Sources */,
				2424788002B1FB2EEAB80312 /* Tab.swift in Sources */,
				290C95EF032BAED876630D4F /* TabManager.swift in Sources */,
				97AC062B50EB14B95E9026F9 /* TabStripView.swift in Sources */,
				3E4948AE5A6C5D9C0BE941B6 /* VayuApp.swift in Sources */,
				F5A71D6ADCB3FBE9629A6A71 /* WebViewModel.swift in Sources */,
				32835CB05DCEDA3EC28CDE61 /* WebViewRepresentable.swift in Sources */,
			);
			runOnlyForDeploymentPostprocessing = 0;
		};
/* End PBXSourcesBuildPhase section */

/* Begin XCBuildConfiguration section */
		46A8DA3F6F02D004964577A9 /* Debug */ = {
			isa = XCBuildConfiguration;
			buildSettings = {
				ALWAYS_SEARCH_USER_PATHS = NO;
				CLANG_ANALYZER_NONNULL = YES;
				CLANG_ANALYZER_NUMBER_OBJECT_CONVERSION = YES_AGGRESSIVE;
				CLANG_CXX_LANGUAGE_STANDARD = "gnu++14";
				CLANG_CXX_LIBRARY = "libc++";
				CLANG_ENABLE_MODULES = YES;
				CLANG_ENABLE_OBJC_ARC = YES;
				CLANG_ENABLE_OBJC_WEAK = YES;
				CLANG_WARN_BLOCK_CAPTURE_AUTORELEASING = YES;
				CLANG_WARN_BOOL_CONVERSION = YES;
				CLANG_WARN_COMMA = YES;
				CLANG_WARN_CONSTANT_CONVERSION = YES;
				CLANG_WARN_DEPRECATED_OBJC_IMPLEMENTATIONS = YES;
				CLANG_WARN_DIRECT_OBJC_ISA_USAGE = YES_ERROR;
				CLANG_WARN_DOCUMENTATION_COMMENTS = YES;
				CLANG_WARN_EMPTY_BODY = YES;
				CLANG_WARN_ENUM_CONVERSION = YES;
				CLANG_WARN_INFINITE_RECURSION = YES;
				CLANG_WARN_INT_CONVERSION = YES;
				CLANG_WARN_NON_LITERAL_NULL_CONVERSION = YES;
				CLANG_WARN_OBJC_IMPLICIT_RETAIN_SELF = YES;
				CLANG_WARN_OBJC_LITERAL_CONVERSION = YES;
				CLANG_WARN_OBJC_ROOT_CLASS = YES_ERROR;
				CLANG_WARN_QUOTED_INCLUDE_IN_FRAMEWORK_HEADER = YES;
				CLANG_WARN_RANGE_LOOP_ANALYSIS = YES;
				CLANG_WARN_STRICT_PROTOTYPES = YES;
				CLANG_WARN_SUSPICIOUS_MOVE = YES;
				CLANG_WARN_UNGUARDED_AVAILABILITY = YES_AGGRESSIVE;
				CLANG_WARN_UNREACHABLE_CODE = YES;
				CLANG_WARN__DUPLICATE_METHOD_MATCH = YES;
				COPY_PHASE_STRIP = NO;
				DEBUG_INFORMATION_FORMAT = dwarf;
				ENABLE_STRICT_OBJC_MSGSEND = YES;
				ENABLE_TESTABILITY = YES;
				GCC_C_LANGUAGE_STANDARD = gnu11;
				GCC_DYNAMIC_NO_PIC = NO;
				GCC_NO_COMMON_BLOCKS = YES;
				GCC_OPTIMIZATION_LEVEL = 0;
				GCC_PREPROCESSOR_DEFINITIONS = (
					"$(inherited)",
					"DEBUG=1",
				);
				GCC_WARN_64_TO_32_BIT_CONVERSION = YES;
				GCC_WARN_ABOUT_RETURN_TYPE = YES_ERROR;
				GCC_WARN_UNDECLARED_SELECTOR = YES;
				GCC_WARN_UNINITIALIZED_AUTOS = YES_AGGRESSIVE;
				GCC_WARN_UNUSED_FUNCTION = YES;
				GCC_WARN_UNUSED_VARIABLE = YES;
				MACOSX_DEPLOYMENT_TARGET = 15.0;
				MTL_ENABLE_DEBUG_INFO = INCLUDE_SOURCE;
				MTL_FAST_MATH = YES;
				ONLY_ACTIVE_ARCH = YES;
				PRODUCT_NAME = "$(TARGET_NAME)";
				SDKROOT = macosx;
				SWIFT_ACTIVE_COMPILATION_CONDITIONS = DEBUG;
				SWIFT_OPTIMIZATION_LEVEL = "-Onone";
				SWIFT_VERSION = 5.0;
			};
			name = Debug;
		};
		8AD70EECC1E908AEEDD6288E /* Release */ = {
			isa = XCBuildConfiguration;
			buildSettings = {
				ALWAYS_SEARCH_USER_PATHS = NO;
				CLANG_ANALYZER_NONNULL = YES;
				CLANG_ANALYZER_NUMBER_OBJECT_CONVERSION = YES_AGGRESSIVE;
				CLANG_CXX_LANGUAGE_STANDARD = "gnu++14";
				CLANG_CXX_LIBRARY = "libc++";
				CLANG_ENABLE_MODULES = YES;
				CLANG_ENABLE_OBJC_ARC = YES;
				CLANG_ENABLE_OBJC_WEAK = YES;
				CLANG_WARN_BLOCK_CAPTURE_AUTORELEASING = YES;
				CLANG_WARN_BOOL_CONVERSION = YES;
				CLANG_WARN_COMMA = YES;
				CLANG_WARN_CONSTANT_CONVERSION = YES;
				CLANG_WARN_DEPRECATED_OBJC_IMPLEMENTATIONS = YES;
				CLANG_WARN_DIRECT_OBJC_ISA_USAGE = YES_ERROR;
				CLANG_WARN_DOCUMENTATION_COMMENTS = YES;
				CLANG_WARN_EMPTY_BODY = YES;
				CLANG_WARN_ENUM_CONVERSION = YES;
				CLANG_WARN_INFINITE_RECURSION = YES;
				CLANG_WARN_INT_CONVERSION = YES;
				CLANG_WARN_NON_LITERAL_NULL_CONVERSION = YES;
				CLANG_WARN_OBJC_IMPLICIT_RETAIN_SELF = YES;
				CLANG_WARN_OBJC_LITERAL_CONVERSION = YES;
				CLANG_WARN_OBJC_ROOT_CLASS = YES_ERROR;
				CLANG_WARN_QUOTED_INCLUDE_IN_FRAMEWORK_HEADER = YES;
				CLANG_WARN_RANGE_LOOP_ANALYSIS = YES;
				CLANG_WARN_STRICT_PROTOTYPES = YES;
				CLANG_WARN_SUSPICIOUS_MOVE = YES;
				CLANG_WARN_UNGUARDED_AVAILABILITY = YES_AGGRESSIVE;
				CLANG_WARN_UNREACHABLE_CODE = YES;
				CLANG_WARN__DUPLICATE_METHOD_MATCH = YES;
				COPY_PHASE_STRIP = NO;
				DEBUG_INFORMATION_FORMAT = "dwarf-with-dsym";
				ENABLE_NS_ASSERTIONS = NO;
				ENABLE_STRICT_OBJC_MSGSEND = YES;
				GCC_C_LANGUAGE_STANDARD = gnu11;
				GCC_NO_COMMON_BLOCKS = YES;
				GCC_WARN_64_TO_32_BIT_CONVERSION = YES;
				GCC_WARN_ABOUT_RETURN_TYPE = YES_ERROR;
				GCC_WARN_UNDECLARED_SELECTOR = YES;
				GCC_WARN_UNINITIALIZED_AUTOS = YES_AGGRESSIVE;
				GCC_WARN_UNUSED_FUNCTION = YES;
				GCC_WARN_UNUSED_VARIABLE = YES;
				MACOSX_DEPLOYMENT_TARGET = 15.0;
				MTL_ENABLE_DEBUG_INFO = NO;
				MTL_FAST_MATH = YES;
				PRODUCT_NAME = "$(TARGET_NAME)";
				SDKROOT = macosx;
				SWIFT_COMPILATION_MODE = wholemodule;
				SWIFT_OPTIMIZATION_LEVEL = "-O";
				SWIFT_VERSION = 5.0;
			};
			name = Release;
		};
		BE0EE6C88BA55881D7C7A267 /* Debug */ = {
			isa = XCBuildConfiguration;
			buildSettings = {
				ASSETCATALOG_COMPILER_APPICON_NAME = AppIcon;
				CODE_SIGN_ENTITLEMENTS = Vayu/Resources/Vayu.entitlements;
				COMBINE_HIDPI_IMAGES = YES;
				CURRENT_PROJECT_VERSION = 1;
				GENERATE_INFOPLIST_FILE = NO;
				INFOPLIST_FILE = Vayu/Resources/Info.plist;
				LD_RUNPATH_SEARCH_PATHS = (
					"$(inherited)",
					"@executable_path/../Frameworks",
				);
				MACOSX_DEPLOYMENT_TARGET = 15.0;
				MARKETING_VERSION = 0.1.0;
				PRODUCT_BUNDLE_IDENTIFIER = com.vayu.browser;
				PRODUCT_NAME = Vayu;
				SDKROOT = macosx;
				SWIFT_VERSION = 6.0;
			};
			name = Debug;
		};
		FB13FAC889F38C80116DD4CE /* Release */ = {
			isa = XCBuildConfiguration;
			buildSettings = {
				ASSETCATALOG_COMPILER_APPICON_NAME = AppIcon;
				CODE_SIGN_ENTITLEMENTS = Vayu/Resources/Vayu.entitlements;
				COMBINE_HIDPI_IMAGES = YES;
				CURRENT_PROJECT_VERSION = 1;
				GENERATE_INFOPLIST_FILE = NO;
				INFOPLIST_FILE = Vayu/Resources/Info.plist;
				LD_RUNPATH_SEARCH_PATHS = (
					"$(inherited)",
					"@executable_path/../Frameworks",
				);
				MACOSX_DEPLOYMENT_TARGET = 15.0;
				MARKETING_VERSION = 0.1.0;
				PRODUCT_BUNDLE_IDENTIFIER = com.vayu.browser;
				PRODUCT_NAME = Vayu;
				SDKROOT = macosx;
				SWIFT_VERSION = 6.0;
			};
			name = Release;
		};
/* End XCBuildConfiguration section */

/* Begin XCConfigurationList section */
		9A078874D8B58AE604515873 /* Build configuration list for PBXNativeTarget "Vayu" */ = {
			isa = XCConfigurationList;
			buildConfigurations = (
				BE0EE6C88BA55881D7C7A267 /* Debug */,
				FB13FAC889F38C80116DD4CE /* Release */,
			);
			defaultConfigurationIsVisible = 0;
			defaultConfigurationName = Debug;
		};
		B44EADC454FA4D1A6E8F5467 /* Build configuration list for PBXProject "Vayu" */ = {
			isa = XCConfigurationList;
			buildConfigurations = (
				46A8DA3F6F02D004964577A9 /* Debug */,
				8AD70EECC1E908AEEDD6288E /* Release */,
			);
			defaultConfigurationIsVisible = 0;
			defaultConfigurationName = Debug;
		};
/* End XCConfigurationList section */
	};
	rootObject = 30066BABC24A9043E774A040 /* Project object */;
}
